
Microsoft Visual Studio Solution File, Format Version 12.00
# Visual Studio Version 17
VisualStudioVersion = 17.6.33829.357
MinimumVisualStudioVersion = 10.0.40219.1
Project("{FAE04EC0-301F-11D3-BF4B-00C04F79EFBC}") = "22.09.2023", "22.09.2023\22.09.2023.csproj", "{BA41F8D7-793B-4BE9-A996-528AEEF78AF6}"
EndProject
Project("{FAE04EC0-301F-11D3-BF4B-00C04F79EFBC}") = "20.09.2023", "20.09.2023\20.09.2023.csproj", "{9BDF631F-2032-4586-A551-3BFC0E152A8B}"
EndProject
Project("{FAE04EC0-301F-11D3-BF4B-00C04F79EFBC}") = "22.09.2023 (dz)", "22.09.2023 (dz)\22.09.2023 (dz).csproj", "{D8F8502F-0DA7-44F3-AB79-3917E7BD6666}"
EndProject
Project("{FAE04EC0-301F-11D3-BF4B-00C04F79EFBC}") = "27.09.2023", "27.09.2023\27.09.2023.csproj", "{50904762-E54D-487C-9DCA-2954E6ED45EC}"
EndProject
Global
	GlobalSection(SolutionConfigurationPlatforms) = preSolution
		Debug|Any CPU = Debug|Any CPU
		Release|Any CPU = Release|Any CPU
	EndGlobalSection
	GlobalSection(ProjectConfigurationPlatforms) = postSolution
		{BA41F8D7-793B-4BE9-A996-528AEEF78AF6}.Debug|Any CPU.ActiveCfg = Debug|Any CPU
		{BA41F8D7-793B-4BE9-A996-528AEEF78AF6}.Debug|Any CPU.Build.0 = Debug|Any CPU
		{BA41F8D7-793B-4BE9-A996-528AEEF78AF6}.Release|Any CPU.ActiveCfg = Release|Any CPU
		{BA41F8D7-793B-4BE9-A996-528AEEF78AF6}.Release|Any CPU.Build.0 = Release|Any CPU
		{9BDF631F-2032-4586-A551-3BFC0E152A8B}.Debug|Any CPU.ActiveCfg = Debug|Any CPU
		{9BDF631F-2032-4586-A551-3BFC0E152A8B}.Debug|Any CPU.Build.0 = Debug|Any CPU
		{9BDF631F-2032-4586-A551-3BFC0E152A8B}.Release|Any CPU.ActiveCfg = Release|Any CPU
		{9BDF631F-2032-4586-A551-3BFC0E152A8B}.Release|Any CPU.Build.0 = Release|Any CPU
		{D8F8502F-0DA7-44F3-AB79-3917E7BD6666}.Debug|Any CPU.ActiveCfg = Debug|Any CPU
		{D8F8502F-0DA7-44F3-AB79-3917E7BD6666}.Debug|Any CPU.Build.0 = Debug|Any CPU
		{D8F8502F-0DA7-44F3-AB79-3917E7BD6666}.Release|Any CPU.ActiveCfg = Release|Any CPU
		{D8F8502F-0DA7-44F3-AB79-3917E7BD6666}.Release|Any CPU.Build.0 = Release|Any CPU
		{50904762-E54D-487C-9DCA-2954E6ED45EC}.Debug|Any CPU.ActiveCfg = Debug|Any CPU
		{50904762-E54D-487C-9DCA-2954E6ED45EC}.Debug|Any CPU.Build.0 = Debug|Any CPU
		{50904762-E54D-487C-9DCA-2954E6ED45EC}.Release|Any CPU.ActiveCfg = Release|Any CPU
		{50904762-E54D-487C-9DCA-2954E6ED45EC}.Release|Any CPU.Build.0 = Release|Any CPU
	EndGlobalSection
	GlobalSection(SolutionProperties) = preSolution
		HideSolutionNode = FALSE
	EndGlobalSection
	GlobalSection(ExtensibilityGlobals) = postSolution
		SolutionGuid = {A3E57C97-04DB-4718-9E8D-2E20ABF471EF}
	EndGlobalSection
EndGlobal
