
Microsoft Visual Studio Solution File, Format Version 12.00
# Visual Studio Version 17
VisualStudioVersion = 17.6.33829.357
MinimumVisualStudioVersion = 10.0.40219.1
Project("{FAE04EC0-301F-11D3-BF4B-00C04F79EFBC}") = "22.09.2023", "22.09.2023\22.09.2023.csproj", "{BA41F8D7-793B-4BE9-A996-528AEEF78AF6}"
EndProject
Project("{FAE04EC0-301F-11D3-BF4B-00C04F79EFBC}") = "20.09.2023", "20.09.2023\20.09.2023.csproj", "{9BDF631F-2032-4586-A551-3BFC0E152A8B}"
EndProject
Project("{FAE04EC0-301F-11D3-BF4B-00C04F79EFBC}") = "22.09.2023 (dz)", "22.09.2023 (dz)\22.09.2023 (dz).csproj", "{D8F8502F-0DA7-44F3-AB79-3917E7BD6666}"
EndProject
Project("{FAE04EC0-301F-11D3-BF4B-00C04F79EFBC}") = "27.09.2023", "27.09.2023\27.09.2023.csproj", "{50904762-E54D-487C-9DCA-2954E6ED45EC}"
EndProject
Project("{FAE04EC0-301F-11D3-BF4B-00C04F79EFBC}") = "27.09.2023 (dz)", "27.09.2023 (dz)\27.09.2023 (dz).csproj", "{090640FE-E4ED-4061-867D-05178A83C87C}"
EndProject
Project("{FAE04EC0-301F-11D3-BF4B-00C04F79EFBC}") = "29.09.2023", "29.09.2023\29.09.2023.csproj", "{D0717CF1-A690-407D-BC94-DF22A50CD0AD}"
EndProject
Project("{FAE04EC0-301F-11D3-BF4B-00C04F79EFBC}") = "29.11.2023 (dz)", "29.11.2023 (dz)\29.11.2023 (dz).csproj", "{FFD3D30D-43A2-4800-AE72-7E08CAB7130F}"
EndProject
Project("{FAE04EC0-301F-11D3-BF4B-00C04F79EFBC}") = "04.10.2023", "04.10.2023\04.10.2023.csproj", "{4DB4BB44-7CE1-404F-AD22-6F4C76D42AD9}"
EndProject
Project("{FAE04EC0-301F-11D3-BF4B-00C04F79EFBC}") = "11.10.2023", "11.10.2023\11.10.2023.csproj", "{CCC6B5D0-B383-46D2-9E9A-E6C252C4EECF}"
EndProject
Project("{FAE04EC0-301F-11D3-BF4B-00C04F79EFBC}") = "11.10.2023 (dz)", "11.10.2023 (dz)\11.10.2023 (dz).csproj", "{204B5C48-8F9A-4AE5-BC41-F880D9231415}"
EndProject
Project("{FAE04EC0-301F-11D3-BF4B-00C04F79EFBC}") = "6.10.2023", "6.10.2023\6.10.2023.csproj", "{38F0169D-7CE5-4790-80D8-D1F97FF01E79}"
EndProject
Project("{FAE04EC0-301F-11D3-BF4B-00C04F79EFBC}") = "13.10.2023", "13.10.2023\13.10.2023.csproj", "{A2E0EBF2-D3AD-4BD7-9BDC-DC25EF94EA16}"
EndProject
Project("{FAE04EC0-301F-11D3-BF4B-00C04F79EFBC}") = "13.10.2023 (dz)", "13.10.2023 (dz)\13.10.2023 (dz).csproj", "{3AD2AD6E-7BAF-4680-A07E-2E64F2EB9818}"
EndProject
Project("{FAE04EC0-301F-11D3-BF4B-00C04F79EFBC}") = "18.10.2023", "18.10.2023\18.10.2023.csproj", "{FB18F89C-CFE1-4D1E-8780-04519C130E56}"
EndProject
Project("{FAE04EC0-301F-11D3-BF4B-00C04F79EFBC}") = "20.10.2023", "20.10.2023\20.10.2023.csproj", "{67D59306-1317-49BF-9FCD-58D0B492830E}"
EndProject
Project("{FAE04EC0-301F-11D3-BF4B-00C04F79EFBC}") = "25.10.2023", "25.10.2023\25.10.2023.csproj", "{7B417082-B3D8-47F6-B10A-EC9C003B2D84}"
EndProject
Project("{FAE04EC0-301F-11D3-BF4B-00C04F79EFBC}") = "25.10.2023 (dz)", "25.10.2023 (dz)\25.10.2023 (dz).csproj", "{7C4D9E9E-0E4E-4880-9FC5-1A0D7A45C8CF}"
EndProject
Global
	GlobalSection(SolutionConfigurationPlatforms) = preSolution
		Debug|Any CPU = Debug|Any CPU
		Release|Any CPU = Release|Any CPU
	EndGlobalSection
	GlobalSection(ProjectConfigurationPlatforms) = postSolution
		{BA41F8D7-793B-4BE9-A996-528AEEF78AF6}.Debug|Any CPU.ActiveCfg = Debug|Any CPU
		{BA41F8D7-793B-4BE9-A996-528AEEF78AF6}.Debug|Any CPU.Build.0 = Debug|Any CPU
		{BA41F8D7-793B-4BE9-A996-528AEEF78AF6}.Release|Any CPU.ActiveCfg = Release|Any CPU
		{BA41F8D7-793B-4BE9-A996-528AEEF78AF6}.Release|Any CPU.Build.0 = Release|Any CPU
		{9BDF631F-2032-4586-A551-3BFC0E152A8B}.Debug|Any CPU.ActiveCfg = Debug|Any CPU
		{9BDF631F-2032-4586-A551-3BFC0E152A8B}.Debug|Any CPU.Build.0 = Debug|Any CPU
		{9BDF631F-2032-4586-A551-3BFC0E152A8B}.Release|Any CPU.ActiveCfg = Release|Any CPU
		{9BDF631F-2032-4586-A551-3BFC0E152A8B}.Release|Any CPU.Build.0 = Release|Any CPU
		{D8F8502F-0DA7-44F3-AB79-3917E7BD6666}.Debug|Any CPU.ActiveCfg = Debug|Any CPU
		{D8F8502F-0DA7-44F3-AB79-3917E7BD6666}.Debug|Any CPU.Build.0 = Debug|Any CPU
		{D8F8502F-0DA7-44F3-AB79-3917E7BD6666}.Release|Any CPU.ActiveCfg = Release|Any CPU
		{D8F8502F-0DA7-44F3-AB79-3917E7BD6666}.Release|Any CPU.Build.0 = Release|Any CPU
		{50904762-E54D-487C-9DCA-2954E6ED45EC}.Debug|Any CPU.ActiveCfg = Debug|Any CPU
		{50904762-E54D-487C-9DCA-2954E6ED45EC}.Debug|Any CPU.Build.0 = Debug|Any CPU
		{50904762-E54D-487C-9DCA-2954E6ED45EC}.Release|Any CPU.ActiveCfg = Release|Any CPU
		{50904762-E54D-487C-9DCA-2954E6ED45EC}.Release|Any CPU.Build.0 = Release|Any CPU
		{090640FE-E4ED-4061-867D-05178A83C87C}.Debug|Any CPU.ActiveCfg = Debug|Any CPU
		{090640FE-E4ED-4061-867D-05178A83C87C}.Debug|Any CPU.Build.0 = Debug|Any CPU
		{090640FE-E4ED-4061-867D-05178A83C87C}.Release|Any CPU.ActiveCfg = Release|Any CPU
		{090640FE-E4ED-4061-867D-05178A83C87C}.Release|Any CPU.Build.0 = Release|Any CPU
		{D0717CF1-A690-407D-BC94-DF22A50CD0AD}.Debug|Any CPU.ActiveCfg = Debug|Any CPU
		{D0717CF1-A690-407D-BC94-DF22A50CD0AD}.Debug|Any CPU.Build.0 = Debug|Any CPU
		{D0717CF1-A690-407D-BC94-DF22A50CD0AD}.Release|Any CPU.ActiveCfg = Release|Any CPU
		{D0717CF1-A690-407D-BC94-DF22A50CD0AD}.Release|Any CPU.Build.0 = Release|Any CPU
		{FFD3D30D-43A2-4800-AE72-7E08CAB7130F}.Debug|Any CPU.ActiveCfg = Debug|Any CPU
		{FFD3D30D-43A2-4800-AE72-7E08CAB7130F}.Debug|Any CPU.Build.0 = Debug|Any CPU
		{FFD3D30D-43A2-4800-AE72-7E08CAB7130F}.Release|Any CPU.ActiveCfg = Release|Any CPU
		{FFD3D30D-43A2-4800-AE72-7E08CAB7130F}.Release|Any CPU.Build.0 = Release|Any CPU
		{4DB4BB44-7CE1-404F-AD22-6F4C76D42AD9}.Debug|Any CPU.ActiveCfg = Debug|Any CPU
		{4DB4BB44-7CE1-404F-AD22-6F4C76D42AD9}.Debug|Any CPU.Build.0 = Debug|Any CPU
		{4DB4BB44-7CE1-404F-AD22-6F4C76D42AD9}.Release|Any CPU.ActiveCfg = Release|Any CPU
		{4DB4BB44-7CE1-404F-AD22-6F4C76D42AD9}.Release|Any CPU.Build.0 = Release|Any CPU
		{CCC6B5D0-B383-46D2-9E9A-E6C252C4EECF}.Debug|Any CPU.ActiveCfg = Debug|Any CPU
		{CCC6B5D0-B383-46D2-9E9A-E6C252C4EECF}.Debug|Any CPU.Build.0 = Debug|Any CPU
		{CCC6B5D0-B383-46D2-9E9A-E6C252C4EECF}.Release|Any CPU.ActiveCfg = Release|Any CPU
		{CCC6B5D0-B383-46D2-9E9A-E6C252C4EECF}.Release|Any CPU.Build.0 = Release|Any CPU
		{204B5C48-8F9A-4AE5-BC41-F880D9231415}.Debug|Any CPU.ActiveCfg = Debug|Any CPU
		{204B5C48-8F9A-4AE5-BC41-F880D9231415}.Debug|Any CPU.Build.0 = Debug|Any CPU
		{204B5C48-8F9A-4AE5-BC41-F880D9231415}.Release|Any CPU.ActiveCfg = Release|Any CPU
		{204B5C48-8F9A-4AE5-BC41-F880D9231415}.Release|Any CPU.Build.0 = Release|Any CPU
		{38F0169D-7CE5-4790-80D8-D1F97FF01E79}.Debug|Any CPU.ActiveCfg = Debug|Any CPU
		{38F0169D-7CE5-4790-80D8-D1F97FF01E79}.Debug|Any CPU.Build.0 = Debug|Any CPU
		{38F0169D-7CE5-4790-80D8-D1F97FF01E79}.Release|Any CPU.ActiveCfg = Release|Any CPU
		{38F0169D-7CE5-4790-80D8-D1F97FF01E79}.Release|Any CPU.Build.0 = Release|Any CPU
		{A2E0EBF2-D3AD-4BD7-9BDC-DC25EF94EA16}.Debug|Any CPU.ActiveCfg = Debug|Any CPU
		{A2E0EBF2-D3AD-4BD7-9BDC-DC25EF94EA16}.Debug|Any CPU.Build.0 = Debug|Any CPU
		{A2E0EBF2-D3AD-4BD7-9BDC-DC25EF94EA16}.Release|Any CPU.ActiveCfg = Release|Any CPU
		{A2E0EBF2-D3AD-4BD7-9BDC-DC25EF94EA16}.Release|Any CPU.Build.0 = Release|Any CPU
		{3AD2AD6E-7BAF-4680-A07E-2E64F2EB9818}.Debug|Any CPU.ActiveCfg = Debug|Any CPU
		{3AD2AD6E-7BAF-4680-A07E-2E64F2EB9818}.Debug|Any CPU.Build.0 = Debug|Any CPU
		{3AD2AD6E-7BAF-4680-A07E-2E64F2EB9818}.Release|Any CPU.ActiveCfg = Release|Any CPU
		{3AD2AD6E-7BAF-4680-A07E-2E64F2EB9818}.Release|Any CPU.Build.0 = Release|Any CPU
		{FB18F89C-CFE1-4D1E-8780-04519C130E56}.Debug|Any CPU.ActiveCfg = Debug|Any CPU
		{FB18F89C-CFE1-4D1E-8780-04519C130E56}.Debug|Any CPU.Build.0 = Debug|Any CPU
		{FB18F89C-CFE1-4D1E-8780-04519C130E56}.Release|Any CPU.ActiveCfg = Release|Any CPU
		{FB18F89C-CFE1-4D1E-8780-04519C130E56}.Release|Any CPU.Build.0 = Release|Any CPU
		{67D59306-1317-49BF-9FCD-58D0B492830E}.Debug|Any CPU.ActiveCfg = Debug|Any CPU
		{67D59306-1317-49BF-9FCD-58D0B492830E}.Debug|Any CPU.Build.0 = Debug|Any CPU
		{67D59306-1317-49BF-9FCD-58D0B492830E}.Release|Any CPU.ActiveCfg = Release|Any CPU
		{67D59306-1317-49BF-9FCD-58D0B492830E}.Release|Any CPU.Build.0 = Release|Any CPU
		{7B417082-B3D8-47F6-B10A-EC9C003B2D84}.Debug|Any CPU.ActiveCfg = Debug|Any CPU
		{7B417082-B3D8-47F6-B10A-EC9C003B2D84}.Debug|Any CPU.Build.0 = Debug|Any CPU
		{7B417082-B3D8-47F6-B10A-EC9C003B2D84}.Release|Any CPU.ActiveCfg = Release|Any CPU
		{7B417082-B3D8-47F6-B10A-EC9C003B2D84}.Release|Any CPU.Build.0 = Release|Any CPU
		{7C4D9E9E-0E4E-4880-9FC5-1A0D7A45C8CF}.Debug|Any CPU.ActiveCfg = Debug|Any CPU
		{7C4D9E9E-0E4E-4880-9FC5-1A0D7A45C8CF}.Debug|Any CPU.Build.0 = Debug|Any CPU
		{7C4D9E9E-0E4E-4880-9FC5-1A0D7A45C8CF}.Release|Any CPU.ActiveCfg = Release|Any CPU
		{7C4D9E9E-0E4E-4880-9FC5-1A0D7A45C8CF}.Release|Any CPU.Build.0 = Release|Any CPU
	EndGlobalSection
	GlobalSection(SolutionProperties) = preSolution
		HideSolutionNode = FALSE
	EndGlobalSection
	GlobalSection(ExtensibilityGlobals) = postSolution
		SolutionGuid = {A3E57C97-04DB-4718-9E8D-2E20ABF471EF}
	EndGlobalSection
EndGlobal
